// !$*UTF8*$!
{
	archiveVersion = 1;
	classes = {
	};
	objectVersion = 50;
	objects = {

/* Begin PBXBuildFile section */
		4EF780AA24A5F0310073AE83 /* AppDelegate.swift in Sources */ = {isa = PBXBuildFile; fileRef = 4EF780A924A5F0310073AE83 /* AppDelegate.swift */; };
		4EF780AC24A5F0310073AE83 /* SceneDelegate.swift in Sources */ = {isa = PBXBuildFile; fileRef = 4EF780AB24A5F0310073AE83 /* SceneDelegate.swift */; };
		4EF780AE24A5F0310073AE83 /* ViewController.swift in Sources */ = {isa = PBXBuildFile; fileRef = 4EF780AD24A5F0310073AE83 /* ViewController.swift */; };
		4EF780B124A5F0310073AE83 /* Main.storyboard in Resources */ = {isa = PBXBuildFile; fileRef = 4EF780AF24A5F0310073AE83 /* Main.storyboard */; };
		4EF780B324A5F0320073AE83 /* Assets.xcassets in Resources */ = {isa = PBXBuildFile; fileRef = 4EF780B224A5F0320073AE83 /* Assets.xcassets */; };
		4EF780B624A5F0320073AE83 /* LaunchScreen.storyboard in Resources */ = {isa = PBXBuildFile; fileRef = 4EF780B424A5F0320073AE83 /* LaunchScreen.storyboard */; };
		4EF780C124A5F0320073AE83 /* RWeatherAppNetworkUITests.swift in Sources */ = {isa = PBXBuildFile; fileRef = 4EF780C024A5F0320073AE83 /* RWeatherAppNetworkUITests.swift */; };
/* End PBXBuildFile section */

/* Begin PBXContainerItemProxy section */
		4EF780BD24A5F0320073AE83 /* PBXContainerItemProxy */ = {
			isa = PBXContainerItemProxy;
			containerPortal = 4EF7809E24A5F0300073AE83 /* Project object */;
			proxyType = 1;
			remoteGlobalIDString = 4EF780A524A5F0310073AE83;
			remoteInfo = RWeatherAppNetwork;
		};
/* End PBXContainerItemProxy section */

/* Begin PBXFileReference section */
		4EF780A624A5F0310073AE83 /* RWeatherAppNetwork.app */ = {isa = PBXFileReference; explicitFileType = wrapper.application; includeInIndex = 0; path = RWeatherAppNetwork.app; sourceTree = BUILT_PRODUCTS_DIR; };
		4EF780A924A5F0310073AE83 /* AppDelegate.swift */ = {isa = PBXFileReference; lastKnownFileType = sourcecode.swift; path = AppDelegate.swift; sourceTree = "<group>"; };
		4EF780AB24A5F0310073AE83 /* SceneDelegate.swift */ = {isa = PBXFileReference; lastKnownFileType = sourcecode.swift; path = SceneDelegate.swift; sourceTree = "<group>"; };
		4EF780AD24A5F0310073AE83 /* ViewController.swift */ = {isa = PBXFileReference; lastKnownFileType = sourcecode.swift; path = ViewController.swift; sourceTree = "<group>"; };
		4EF780B024A5F0310073AE83 /* Base */ = {isa = PBXFileReference; lastKnownFileType = file.storyboard; name = Base; path = Base.lproj/Main.storyboard; sourceTree = "<group>"; };
		4EF780B224A5F0320073AE83 /* Assets.xcassets */ = {isa = PBXFileReference; lastKnownFileType = folder.assetcatalog; path = Assets.xcassets; sourceTree = "<group>"; };
		4EF780B524A5F0320073AE83 /* Base */ = {isa = PBXFileReference; lastKnownFileType = file.storyboard; name = Base; path = Base.lproj/LaunchScreen.storyboard; sourceTree = "<group>"; };
		4EF780B724A5F0320073AE83 /* Info.plist */ = {isa = PBXFileReference; lastKnownFileType = text.plist.xml; path = Info.plist; sourceTree = "<group>"; };
		4EF780BC24A5F0320073AE83 /* RWeatherAppNetworkUITests.xctest */ = {isa = PBXFileReference; explicitFileType = wrapper.cfbundle; includeInIndex = 0; path = RWeatherAppNetworkUITests.xctest; sourceTree = BUILT_PRODUCTS_DIR; };
		4EF780C024A5F0320073AE83 /* RWeatherAppNetworkUITests.swift */ = {isa = PBXFileReference; lastKnownFileType = sourcecode.swift; path = RWeatherAppNetworkUITests.swift; sourceTree = "<group>"; };
		4EF780C224A5F0320073AE83 /* Info.plist */ = {isa = PBXFileReference; lastKnownFileType = text.plist.xml; path = Info.plist; sourceTree = "<group>"; };
/* End PBXFileReference section */

/* Begin PBXFrameworksBuildPhase section */
		4EF780A324A5F0310073AE83 /* Frameworks */ = {
			isa = PBXFrameworksBuildPhase;
			buildActionMask = 2147483647;
			files = (
			);
			runOnlyForDeploymentPostprocessing = 0;
		};
		4EF780B924A5F0320073AE83 /* Frameworks */ = {
			isa = PBXFrameworksBuildPhase;
			buildActionMask = 2147483647;
			files = (
			);
			runOnlyForDeploymentPostprocessing = 0;
		};
/* End PBXFrameworksBuildPhase section */

/* Begin PBXGroup section */
		4EF7809D24A5F0300073AE83 = {
			isa = PBXGroup;
			children = (
				4EF780A824A5F0310073AE83 /* RWeatherAppNetwork */,
				4EF780BF24A5F0320073AE83 /* RWeatherAppNetworkUITests */,
				4EF780A724A5F0310073AE83 /* Products */,
			);
			sourceTree = "<group>";
		};
		4EF780A724A5F0310073AE83 /* Products */ = {
			isa = PBXGroup;
			children = (
				4EF780A624A5F0310073AE83 /* RWeatherAppNetwork.app */,
				4EF780BC24A5F0320073AE83 /* RWeatherAppNetworkUITests.xctest */,
			);
			name = Products;
			sourceTree = "<group>";
		};
		4EF780A824A5F0310073AE83 /* RWeatherAppNetwork */ = {
			isa = PBXGroup;
			children = (
				4EF780A924A5F0310073AE83 /* AppDelegate.swift */,
				4EF780AB24A5F0310073AE83 /* SceneDelegate.swift */,
				4EF780AD24A5F0310073AE83 /* ViewController.swift */,
				4EF780AF24A5F0310073AE83 /* Main.storyboard */,
				4EF780B224A5F0320073AE83 /* Assets.xcassets */,
				4EF780B424A5F0320073AE83 /* LaunchScreen.storyboard */,
				4EF780B724A5F0320073AE83 /* Info.plist */,
			);
			path = RWeatherAppNetwork;
			sourceTree = "<group>";
		};
		4EF780BF24A5F0320073AE83 /* RWeatherAppNetworkUITests */ = {
			isa = PBXGroup;
			children = (
				4EF780C024A5F0320073AE83 /* RWeatherAppNetworkUITests.swift */,
				4EF780C224A5F0320073AE83 /* Info.plist */,
			);
			path = RWeatherAppNetworkUITests;
			sourceTree = "<group>";
		};
/* End PBXGroup section */

/* Begin PBXNativeTarget section */
		4EF780A524A5F0310073AE83 /* RWeatherAppNetwork */ = {
			isa = PBXNativeTarget;
			buildConfigurationList = 4EF780C524A5F0330073AE83 /* Build configuration list for PBXNativeTarget "RWeatherAppNetwork" */;
			buildPhases = (
				4EF780A224A5F0310073AE83 /* Sources */,
				4EF780A324A5F0310073AE83 /* Frameworks */,
				4EF780A424A5F0310073AE83 /* Resources */,
			);
			buildRules = (
			);
			dependencies = (
			);
			name = RWeatherAppNetwork;
			productName = RWeatherAppNetwork;
			productReference = 4EF780A624A5F0310073AE83 /* RWeatherAppNetwork.app */;
			productType = "com.apple.product-type.application";
		};
		4EF780BB24A5F0320073AE83 /* RWeatherAppNetworkUITests */ = {
			isa = PBXNativeTarget;
			buildConfigurationList = 4EF780C824A5F0330073AE83 /* Build configuration list for PBXNativeTarget "RWeatherAppNetworkUITests" */;
			buildPhases = (
				4EF780B824A5F0320073AE83 /* Sources */,
				4EF780B924A5F0320073AE83 /* Frameworks */,
				4EF780BA24A5F0320073AE83 /* Resources */,
			);
			buildRules = (
			);
			dependencies = (
				4EF780BE24A5F0320073AE83 /* PBXTargetDependency */,
			);
			name = RWeatherAppNetworkUITests;
			productName = RWeatherAppNetworkUITests;
			productReference = 4EF780BC24A5F0320073AE83 /* RWeatherAppNetworkUITests.xctest */;
			productType = "com.apple.product-type.bundle.ui-testing";
		};
/* End PBXNativeTarget section */

/* Begin PBXProject section */
		4EF7809E24A5F0300073AE83 /* Project object */ = {
			isa = PBXProject;
			attributes = {
				LastSwiftUpdateCheck = 1150;
				LastUpgradeCheck = 1150;
				ORGANIZATIONNAME = "Abhas Kumar";
				TargetAttributes = {
					4EF780A524A5F0310073AE83 = {
						CreatedOnToolsVersion = 11.5;
					};
					4EF780BB24A5F0320073AE83 = {
						CreatedOnToolsVersion = 11.5;
						TestTargetID = 4EF780A524A5F0310073AE83;
					};
				};
			};
			buildConfigurationList = 4EF780A124A5F0300073AE83 /* Build configuration list for PBXProject "RWeatherAppNetwork" */;
			compatibilityVersion = "Xcode 9.3";
			developmentRegion = en;
			hasScannedForEncodings = 0;
			knownRegions = (
				en,
				Base,
			);
			mainGroup = 4EF7809D24A5F0300073AE83;
			productRefGroup = 4EF780A724A5F0310073AE83 /* Products */;
			projectDirPath = "";
			projectRoot = "";
			targets = (
				4EF780A524A5F0310073AE83 /* RWeatherAppNetwork */,
				4EF780BB24A5F0320073AE83 /* RWeatherAppNetworkUITests */,
			);
		};
/* End PBXProject section */

/* Begin PBXResourcesBuildPhase section */
		4EF780A424A5F0310073AE83 /* Resources */ = {
			isa = PBXResourcesBuildPhase;
			buildActionMask = 2147483647;
			files = (
				4EF780B624A5F0320073AE83 /* LaunchScreen.storyboard in Resources */,
				4EF780B324A5F0320073AE83 /* Assets.xcassets in Resources */,
				4EF780B124A5F0310073AE83 /* Main.storyboard in Resources */,
			);
			runOnlyForDeploymentPostprocessing = 0;
		};
		4EF780BA24A5F0320073AE83 /* Resources */ = {
			isa = PBXResourcesBuildPhase;
			buildActionMask = 2147483647;
			files = (
			);
			runOnlyForDeploymentPostprocessing = 0;
		};
/* End PBXResourcesBuildPhase section */

/* Begin PBXSourcesBuildPhase section */
		4EF780A224A5F0310073AE83 /* Sources */ = {
			isa = PBXSourcesBuildPhase;
			buildActionMask = 2147483647;
			files = (
				4EF780AE24A5F0310073AE83 /* ViewController.swift in Sources */,
				4EF780AA24A5F0310073AE83 /* AppDelegate.swift in Sources */,
				4EF780AC24A5F0310073AE83 /* SceneDelegate.swift in Sources */,
			);
			runOnlyForDeploymentPostprocessing = 0;
		};
		4EF780B824A5F0320073AE83 /* Sources */ = {
			isa = PBXSourcesBuildPhase;
			buildActionMask = 2147483647;
			files = (
				4EF780C124A5F0320073AE83 /* RWeatherAppNetworkUITests.swift in Sources */,
			);
			runOnlyForDeploymentPostprocessing = 0;
		};
/* End PBXSourcesBuildPhase section */

/* Begin PBXTargetDependency section */
		4EF780BE24A5F0320073AE83 /* PBXTargetDependency */ = {
			isa = PBXTargetDependency;
			target = 4EF780A524A5F0310073AE83 /* RWeatherAppNetwork */;
			targetProxy = 4EF780BD24A5F0320073AE83 /* PBXContainerItemProxy */;
		};
/* End PBXTargetDependency section */

/* Begin PBXVariantGroup section */
		4EF780AF24A5F0310073AE83 /* Main.storyboard */ = {
			isa = PBXVariantGroup;
			children = (
				4EF780B024A5F0310073AE83 /* Base */,
			);
			name = Main.storyboard;
			sourceTree = "<group>";
		};
		4EF780B424A5F0320073AE83 /* LaunchScreen.storyboard */ = {
			isa = PBXVariantGroup;
			children = (
				4EF780B524A5F0320073AE83 /* Base */,
			);
			name = LaunchScreen.storyboard;
			sourceTree = "<group>";
		};
/* End PBXVariantGroup section */

/* Begin XCBuildConfiguration section */
		4EF780C324A5F0330073AE83 /* Debug */ = {
			isa = XCBuildConfiguration;
			buildSettings = {
				ALWAYS_SEARCH_USER_PATHS = NO;
				CLANG_ANALYZER_NONNULL = YES;
				CLANG_ANALYZER_NUMBER_OBJECT_CONVERSION = YES_AGGRESSIVE;
				CLANG_CXX_LANGUAGE_STANDARD = "gnu++14";
				CLANG_CXX_LIBRARY = "libc++";
				CLANG_ENABLE_MODULES = YES;
				CLANG_ENABLE_OBJC_ARC = YES;
				CLANG_ENABLE_OBJC_WEAK = YES;
				CLANG_WARN_BLOCK_CAPTURE_AUTORELEASING = YES;
				CLANG_WARN_BOOL_CONVERSION = YES;
				CLANG_WARN_COMMA = YES;
				CLANG_WARN_CONSTANT_CONVERSION = YES;
				CLANG_WARN_DEPRECATED_OBJC_IMPLEMENTATIONS = YES;
				CLANG_WARN_DIRECT_OBJC_ISA_USAGE = YES_ERROR;
				CLANG_WARN_DOCUMENTATION_COMMENTS = YES;
				CLANG_WARN_EMPTY_BODY = YES;
				CLANG_WARN_ENUM_CONVERSION = YES;
				CLANG_WARN_INFINITE_RECURSION = YES;
				CLANG_WARN_INT_CONVERSION = YES;
				CLANG_WARN_NON_LITERAL_NULL_CONVERSION = YES;
				CLANG_WARN_OBJC_IMPLICIT_RETAIN_SELF = YES;
				CLANG_WARN_OBJC_LITERAL_CONVERSION = YES;
				CLANG_WARN_OBJC_ROOT_CLASS = YES_ERROR;
				CLANG_WARN_RANGE_LOOP_ANALYSIS = YES;
				CLANG_WARN_STRICT_PROTOTYPES = YES;
				CLANG_WARN_SUSPICIOUS_MOVE = YES;
				CLANG_WARN_UNGUARDED_AVAILABILITY = YES_AGGRESSIVE;
				CLANG_WARN_UNREACHABLE_CODE = YES;
				CLANG_WARN__DUPLICATE_METHOD_MATCH = YES;
				COPY_PHASE_STRIP = NO;
				DEBUG_INFORMATION_FORMAT = dwarf;
				ENABLE_STRICT_OBJC_MSGSEND = YES;
				ENABLE_TESTABILITY = YES;
				GCC_C_LANGUAGE_STANDARD = gnu11;
				GCC_DYNAMIC_NO_PIC = NO;
				GCC_NO_COMMON_BLOCKS = YES;
				GCC_OPTIMIZATION_LEVEL = 0;
				GCC_PREPROCESSOR_DEFINITIONS = (
					"DEBUG=1",
					"$(inherited)",
				);
				GCC_WARN_64_TO_32_BIT_CONVERSION = YES;
				GCC_WARN_ABOUT_RETURN_TYPE = YES_ERROR;
				GCC_WARN_UNDECLARED_SELECTOR = YES;
				GCC_WARN_UNINITIALIZED_AUTOS = YES_AGGRESSIVE;
				GCC_WARN_UNUSED_FUNCTION = YES;
				GCC_WARN_UNUSED_VARIABLE = YES;
				IPHONEOS_DEPLOYMENT_TARGET = 13.5;
				MTL_ENABLE_DEBUG_INFO = INCLUDE_SOURCE;
				MTL_FAST_MATH = YES;
				ONLY_ACTIVE_ARCH = YES;
				SDKROOT = iphoneos;
				SWIFT_ACTIVE_COMPILATION_CONDITIONS = DEBUG;
				SWIFT_OPTIMIZATION_LEVEL = "-Onone";
			};
			name = Debug;
		};
		4EF780C424A5F0330073AE83 /* Release */ = {
			isa = XCBuildConfiguration;
			buildSettings = {
				ALWAYS_SEARCH_USER_PATHS = NO;
				CLANG_ANALYZER_NONNULL = YES;
				CLANG_ANALYZER_NUMBER_OBJECT_CONVERSION = YES_AGGRESSIVE;
				CLANG_CXX_LANGUAGE_STANDARD = "gnu++14";
				CLANG_CXX_LIBRARY = "libc++";
				CLANG_ENABLE_MODULES = YES;
				CLANG_ENABLE_OBJC_ARC = YES;
				CLANG_ENABLE_OBJC_WEAK = YES;
				CLANG_WARN_BLOCK_CAPTURE_AUTORELEASING = YES;
				CLANG_WARN_BOOL_CONVERSION = YES;
				CLANG_WARN_COMMA = YES;
				CLANG_WARN_CONSTANT_CONVERSION = YES;
				CLANG_WARN_DEPRECATED_OBJC_IMPLEMENTATIONS = YES;
				CLANG_WARN_DIRECT_OBJC_ISA_USAGE = YES_ERROR;
				CLANG_WARN_DOCUMENTATION_COMMENTS = YES;
				CLANG_WARN_EMPTY_BODY = YES;
				CLANG_WARN_ENUM_CONVERSION = YES;
				CLANG_WARN_INFINITE_RECURSION = YES;
				CLANG_WARN_INT_CONVERSION = YES;
				CLANG_WARN_NON_LITERAL_NULL_CONVERSION = YES;
				CLANG_WARN_OBJC_IMPLICIT_RETAIN_SELF = YES;
				CLANG_WARN_OBJC_LITERAL_CONVERSION = YES;
				CLANG_WARN_OBJC_ROOT_CLASS = YES_ERROR;
				CLANG_WARN_RANGE_LOOP_ANALYSIS = YES;
				CLANG_WARN_STRICT_PROTOTYPES = YES;
				CLANG_WARN_SUSPICIOUS_MOVE = YES;
				CLANG_WARN_UNGUARDED_AVAILABILITY = YES_AGGRESSIVE;
				CLANG_WARN_UNREACHABLE_CODE = YES;
				CLANG_WARN__DUPLICATE_METHOD_MATCH = YES;
				COPY_PHASE_STRIP = NO;
				DEBUG_INFORMATION_FORMAT = "dwarf-with-dsym";
				ENABLE_NS_ASSERTIONS = NO;
				ENABLE_STRICT_OBJC_MSGSEND = YES;
				GCC_C_LANGUAGE_STANDARD = gnu11;
				GCC_NO_COMMON_BLOCKS = YES;
				GCC_WARN_64_TO_32_BIT_CONVERSION = YES;
				GCC_WARN_ABOUT_RETURN_TYPE = YES_ERROR;
				GCC_WARN_UNDECLARED_SELECTOR = YES;
				GCC_WARN_UNINITIALIZED_AUTOS = YES_AGGRESSIVE;
				GCC_WARN_UNUSED_FUNCTION = YES;
				GCC_WARN_UNUSED_VARIABLE = YES;
				IPHONEOS_DEPLOYMENT_TARGET = 13.5;
				MTL_ENABLE_DEBUG_INFO = NO;
				MTL_FAST_MATH = YES;
				SDKROOT = iphoneos;
				SWIFT_COMPILATION_MODE = wholemodule;
				SWIFT_OPTIMIZATION_LEVEL = "-O";
				VALIDATE_PRODUCT = YES;
			};
			name = Release;
		};
		4EF780C624A5F0330073AE83 /* Debug */ = {
			isa = XCBuildConfiguration;
			buildSettings = {
				ASSETCATALOG_COMPILER_APPICON_NAME = AppIcon;
				CODE_SIGN_STYLE = Automatic;
				DEVELOPMENT_TEAM = M8ZKPMAVGG;
				INFOPLIST_FILE = RWeatherAppNetwork/Info.plist;
				LD_RUNPATH_SEARCH_PATHS = (
					"$(inherited)",
					"@executable_path/Frameworks",
				);
				PRODUCT_BUNDLE_IDENTIFIER = Abhas.RWeatherAppNetwork;
				PRODUCT_NAME = "$(TARGET_NAME)";
				SWIFT_VERSION = 5.0;
				TARGETED_DEVICE_FAMILY = "1,2";
			};
			name = Debug;
		};
		4EF780C724A5F0330073AE83 /* Release */ = {
			isa = XCBuildConfiguration;
			buildSettings = {
				ASSETCATALOG_COMPILER_APPICON_NAME = AppIcon;
				CODE_SIGN_STYLE = Automatic;
				DEVELOPMENT_TEAM = M8ZKPMAVGG;
				INFOPLIST_FILE = RWeatherAppNetwork/Info.plist;
				LD_RUNPATH_SEARCH_PATHS = (
					"$(inherited)",
					"@executable_path/Frameworks",
				);
				PRODUCT_BUNDLE_IDENTIFIER = Abhas.RWeatherAppNetwork;
				PRODUCT_NAME = "$(TARGET_NAME)";
				SWIFT_VERSION = 5.0;
				TARGETED_DEVICE_FAMILY = "1,2";
			};
			name = Release;
		};
		4EF780C924A5F0330073AE83 /* Debug */ = {
			isa = XCBuildConfiguration;
			buildSettings = {
				ALWAYS_EMBED_SWIFT_STANDARD_LIBRARIES = YES;
				CODE_SIGN_STYLE = Automatic;
				DEVELOPMENT_TEAM = M8ZKPMAVGG;
				INFOPLIST_FILE = RWeatherAppNetworkUITests/Info.plist;
				LD_RUNPATH_SEARCH_PATHS = (
					"$(inherited)",
					"@executable_path/Frameworks",
					"@loader_path/Frameworks",
				);
				PRODUCT_BUNDLE_IDENTIFIER = Abhas.RWeatherAppNetworkUITests;
				PRODUCT_NAME = "$(TARGET_NAME)";
				SWIFT_VERSION = 5.0;
				TARGETED_DEVICE_FAMILY = "1,2";
				TEST_TARGET_NAME = RWeatherAppNetwork;
			};
			name = Debug;
		};
		4EF780CA24A5F0330073AE83 /* Release */ = {
			isa = XCBuildConfiguration;
			buildSettings = {
				ALWAYS_EMBED_SWIFT_STANDARD_LIBRARIES = YES;
				CODE_SIGN_STYLE = Automatic;
				DEVELOPMENT_TEAM = M8ZKPMAVGG;
				INFOPLIST_FILE = RWeatherAppNetworkUITests/Info.plist;
				LD_RUNPATH_SEARCH_PATHS = (
					"$(inherited)",
					"@executable_path/Frameworks",
					"@loader_path/Frameworks",
				);
				PRODUCT_BUNDLE_IDENTIFIER = Abhas.RWeatherAppNetworkUITests;
				PRODUCT_NAME = "$(TARGET_NAME)";
				SWIFT_VERSION = 5.0;
				TARGETED_DEVICE_FAMILY = "1,2";
				TEST_TARGET_NAME = RWeatherAppNetwork;
			};
			name = Release;
		};
/* End XCBuildConfiguration section */

/* Begin XCConfigurationList section */
		4EF780A124A5F0300073AE83 /* Build configuration list for PBXProject "RWeatherAppNetwork" */ = {
			isa = XCConfigurationList;
			buildConfigurations = (
				4EF780C324A5F0330073AE83 /* Debug */,
				4EF780C424A5F0330073AE83 /* Release */,
			);
			defaultConfigurationIsVisible = 0;
			defaultConfigurationName = Release;
		};
		4EF780C524A5F0330073AE83 /* Build configuration list for PBXNativeTarget "RWeatherAppNetwork" */ = {
			isa = XCConfigurationList;
			buildConfigurations = (
				4EF780C624A5F0330073AE83 /* Debug */,
				4EF780C724A5F0330073AE83 /* Release */,
			);
			defaultConfigurationIsVisible = 0;
			defaultConfigurationName = Release;
		};
		4EF780C824A5F0330073AE83 /* Build configuration list for PBXNativeTarget "RWeatherAppNetworkUITests" */ = {
			isa = XCConfigurationList;
			buildConfigurations = (
				4EF780C924A5F0330073AE83 /* Debug */,
				4EF780CA24A5F0330073AE83 /* Release */,
			);
			defaultConfigurationIsVisible = 0;
			defaultConfigurationName = Release;
		};
/* End XCConfigurationList section */
	};
	rootObject = 4EF7809E24A5F0300073AE83 /* Project object */;
}
